
Microsoft Visual Studio Solution File, Format Version 12.00
# Visual Studio Version 17
VisualStudioVersion = 17.5.002.0
MinimumVisualStudioVersion = 10.0.40219.1
Project("{9A19103F-16F7-4668-BE54-9A1E7A4F7556}") = "BoardGameApi", "BoardGameApi\BoardGameApi.csproj", "{8F9E6C21-3F04-49B4-905B-AA8F13451E72}"
EndProject
Global
	GlobalSection(SolutionConfigurationPlatforms) = preSolution
		Debug|Any CPU = Debug|Any CPU
		Release|Any CPU = Release|Any CPU
	EndGlobalSection
	GlobalSection(ProjectConfigurationPlatforms) = postSolution
		{8F9E6C21-3F04-49B4-905B-AA8F13451E72}.Debug|Any CPU.ActiveCfg = Debug|Any CPU
		{8F9E6C21-3F04-49B4-905B-AA8F13451E72}.Debug|Any CPU.Build.0 = Debug|Any CPU
		{8F9E6C21-3F04-49B4-905B-AA8F13451E72}.Release|Any CPU.ActiveCfg = Release|Any CPU
		{8F9E6C21-3F04-49B4-905B-AA8F13451E72}.Release|Any CPU.Build.0 = Release|Any CPU
	EndGlobalSection
	GlobalSection(SolutionProperties) = preSolution
		HideSolutionNode = FALSE
	EndGlobalSection
	GlobalSection(ExtensibilityGlobals) = postSolution
		SolutionGuid = {E4B9447A-7F33-40F8-852A-555A6C84D961}
	EndGlobalSection
EndGlobal
